// !$*UTF8*$!
{
	archiveVersion = 1;
	classes = {
	};
	objectVersion = 56;
	objects = {

/* Begin PBXBuildFile section */
		7F00AB6A2BFBC71000A5FF87 /* combineRoadmapApp.swift in Sources */ = {isa = PBXBuildFile; fileRef = 7F00AB692BFBC71000A5FF87 /* combineRoadmapApp.swift */; };
		7F00AB6C2BFBC71000A5FF87 /* ContentView.swift in Sources */ = {isa = PBXBuildFile; fileRef = 7F00AB6B2BFBC71000A5FF87 /* ContentView.swift */; };
		7F00AB6E2BFBC71200A5FF87 /* Assets.xcassets in Resources */ = {isa = PBXBuildFile; fileRef = 7F00AB6D2BFBC71200A5FF87 /* Assets.xcassets */; };
		7F00AB712BFBC71200A5FF87 /* Preview Assets.xcassets in Resources */ = {isa = PBXBuildFile; fileRef = 7F00AB702BFBC71200A5FF87 /* Preview Assets.xcassets */; };
		7F00AB782BFBD7A500A5FF87 /* FirstPipeline.swift in Sources */ = {isa = PBXBuildFile; fileRef = 7F00AB772BFBD7A500A5FF87 /* FirstPipeline.swift */; };
		7F00AB7B2BFC882800A5FF87 /* PracticeLesson2.swift in Sources */ = {isa = PBXBuildFile; fileRef = 7F00AB7A2BFC882800A5FF87 /* PracticeLesson2.swift */; };
		7F00AB7E2BFC8DED00A5FF87 /* SecondPipeline.swift in Sources */ = {isa = PBXBuildFile; fileRef = 7F00AB7D2BFC8DED00A5FF87 /* SecondPipeline.swift */; };
		7F00AB802BFC8DF700A5FF87 /* PracticeLesson3.swift in Sources */ = {isa = PBXBuildFile; fileRef = 7F00AB7F2BFC8DF700A5FF87 /* PracticeLesson3.swift */; };
		7F00AB842BFDC34D00A5FF87 /* Lesson4.swift in Sources */ = {isa = PBXBuildFile; fileRef = 7F00AB832BFDC34D00A5FF87 /* Lesson4.swift */; };
		7F00AB862BFDC92900A5FF87 /* Lesson4Practice.swift in Sources */ = {isa = PBXBuildFile; fileRef = 7F00AB852BFDC92900A5FF87 /* Lesson4Practice.swift */; };
		7F00AB892BFDEA1400A5FF87 /* Lesson5.swift in Sources */ = {isa = PBXBuildFile; fileRef = 7F00AB882BFDEA1400A5FF87 /* Lesson5.swift */; };
		7F00AB8B2BFDEA1D00A5FF87 /* Lesson5Practice.swift in Sources */ = {isa = PBXBuildFile; fileRef = 7F00AB8A2BFDEA1D00A5FF87 /* Lesson5Practice.swift */; };
		7F88E9F22BFE1B740019465E /* Lesson6.swift in Sources */ = {isa = PBXBuildFile; fileRef = 7F88E9F12BFE1B740019465E /* Lesson6.swift */; };
		7F88E9F42BFE1F610019465E /* Lesson6Practice.swift in Sources */ = {isa = PBXBuildFile; fileRef = 7F88E9F32BFE1F610019465E /* Lesson6Practice.swift */; };
		7F88E9F72BFE28B20019465E /* Lesson7.swift in Sources */ = {isa = PBXBuildFile; fileRef = 7F88E9F62BFE28B20019465E /* Lesson7.swift */; };
		7F88E9F92BFE28BF0019465E /* Lesson7Practice.swift in Sources */ = {isa = PBXBuildFile; fileRef = 7F88E9F82BFE28BF0019465E /* Lesson7Practice.swift */; };
		7F88E9FC2BFFCC370019465E /* Lesson8.swift in Sources */ = {isa = PBXBuildFile; fileRef = 7F88E9FB2BFFCC370019465E /* Lesson8.swift */; };
		7F88E9FE2BFFCC400019465E /* Lesson8Practice.swift in Sources */ = {isa = PBXBuildFile; fileRef = 7F88E9FD2BFFCC400019465E /* Lesson8Practice.swift */; };
		7F88EA012C0060B50019465E /* Lesson9.swift in Sources */ = {isa = PBXBuildFile; fileRef = 7F88EA002C0060B50019465E /* Lesson9.swift */; };
		7F88EA032C0065580019465E /* Lesson9Practice.swift in Sources */ = {isa = PBXBuildFile; fileRef = 7F88EA022C0065580019465E /* Lesson9Practice.swift */; };
/* End PBXBuildFile section */

/* Begin PBXFileReference section */
		7F00AB662BFBC71000A5FF87 /* combineRoadmap.app */ = {isa = PBXFileReference; explicitFileType = wrapper.application; includeInIndex = 0; path = combineRoadmap.app; sourceTree = BUILT_PRODUCTS_DIR; };
		7F00AB692BFBC71000A5FF87 /* combineRoadmapApp.swift */ = {isa = PBXFileReference; lastKnownFileType = sourcecode.swift; path = combineRoadmapApp.swift; sourceTree = "<group>"; };
		7F00AB6B2BFBC71000A5FF87 /* ContentView.swift */ = {isa = PBXFileReference; lastKnownFileType = sourcecode.swift; path = ContentView.swift; sourceTree = "<group>"; };
		7F00AB6D2BFBC71200A5FF87 /* Assets.xcassets */ = {isa = PBXFileReference; lastKnownFileType = folder.assetcatalog; path = Assets.xcassets; sourceTree = "<group>"; };
		7F00AB702BFBC71200A5FF87 /* Preview Assets.xcassets */ = {isa = PBXFileReference; lastKnownFileType = folder.assetcatalog; path = "Preview Assets.xcassets"; sourceTree = "<group>"; };
		7F00AB772BFBD7A500A5FF87 /* FirstPipeline.swift */ = {isa = PBXFileReference; lastKnownFileType = sourcecode.swift; path = FirstPipeline.swift; sourceTree = "<group>"; };
		7F00AB7A2BFC882800A5FF87 /* PracticeLesson2.swift */ = {isa = PBXFileReference; lastKnownFileType = sourcecode.swift; path = PracticeLesson2.swift; sourceTree = "<group>"; };
		7F00AB7D2BFC8DED00A5FF87 /* SecondPipeline.swift */ = {isa = PBXFileReference; lastKnownFileType = sourcecode.swift; path = SecondPipeline.swift; sourceTree = "<group>"; };
		7F00AB7F2BFC8DF700A5FF87 /* PracticeLesson3.swift */ = {isa = PBXFileReference; lastKnownFileType = sourcecode.swift; path = PracticeLesson3.swift; sourceTree = "<group>"; };
		7F00AB832BFDC34D00A5FF87 /* Lesson4.swift */ = {isa = PBXFileReference; lastKnownFileType = sourcecode.swift; path = Lesson4.swift; sourceTree = "<group>"; };
		7F00AB852BFDC92900A5FF87 /* Lesson4Practice.swift */ = {isa = PBXFileReference; lastKnownFileType = sourcecode.swift; path = Lesson4Practice.swift; sourceTree = "<group>"; };
		7F00AB882BFDEA1400A5FF87 /* Lesson5.swift */ = {isa = PBXFileReference; lastKnownFileType = sourcecode.swift; path = Lesson5.swift; sourceTree = "<group>"; };
		7F00AB8A2BFDEA1D00A5FF87 /* Lesson5Practice.swift */ = {isa = PBXFileReference; lastKnownFileType = sourcecode.swift; path = Lesson5Practice.swift; sourceTree = "<group>"; };
		7F88E9F12BFE1B740019465E /* Lesson6.swift */ = {isa = PBXFileReference; lastKnownFileType = sourcecode.swift; path = Lesson6.swift; sourceTree = "<group>"; };
		7F88E9F32BFE1F610019465E /* Lesson6Practice.swift */ = {isa = PBXFileReference; lastKnownFileType = sourcecode.swift; path = Lesson6Practice.swift; sourceTree = "<group>"; };
		7F88E9F62BFE28B20019465E /* Lesson7.swift */ = {isa = PBXFileReference; lastKnownFileType = sourcecode.swift; path = Lesson7.swift; sourceTree = "<group>"; };
		7F88E9F82BFE28BF0019465E /* Lesson7Practice.swift */ = {isa = PBXFileReference; lastKnownFileType = sourcecode.swift; path = Lesson7Practice.swift; sourceTree = "<group>"; };
		7F88E9FB2BFFCC370019465E /* Lesson8.swift */ = {isa = PBXFileReference; lastKnownFileType = sourcecode.swift; path = Lesson8.swift; sourceTree = "<group>"; };
		7F88E9FD2BFFCC400019465E /* Lesson8Practice.swift */ = {isa = PBXFileReference; lastKnownFileType = sourcecode.swift; path = Lesson8Practice.swift; sourceTree = "<group>"; };
		7F88EA002C0060B50019465E /* Lesson9.swift */ = {isa = PBXFileReference; lastKnownFileType = sourcecode.swift; path = Lesson9.swift; sourceTree = "<group>"; };
		7F88EA022C0065580019465E /* Lesson9Practice.swift */ = {isa = PBXFileReference; lastKnownFileType = sourcecode.swift; path = Lesson9Practice.swift; sourceTree = "<group>"; };
/* End PBXFileReference section */

/* Begin PBXFrameworksBuildPhase section */
		7F00AB632BFBC71000A5FF87 /* Frameworks */ = {
			isa = PBXFrameworksBuildPhase;
			buildActionMask = 2147483647;
			files = (
			);
			runOnlyForDeploymentPostprocessing = 0;
		};
/* End PBXFrameworksBuildPhase section */

/* Begin PBXGroup section */
		7F00AB5D2BFBC71000A5FF87 = {
			isa = PBXGroup;
			children = (
				7F00AB682BFBC71000A5FF87 /* combineRoadmap */,
				7F00AB672BFBC71000A5FF87 /* Products */,
			);
			sourceTree = "<group>";
		};
		7F00AB672BFBC71000A5FF87 /* Products */ = {
			isa = PBXGroup;
			children = (
				7F00AB662BFBC71000A5FF87 /* combineRoadmap.app */,
			);
			name = Products;
			sourceTree = "<group>";
		};
		7F00AB682BFBC71000A5FF87 /* combineRoadmap */ = {
			isa = PBXGroup;
			children = (
				7F88E9FF2C0060AC0019465E /* Lesson9 */,
				7F88E9FA2BFFCC290019465E /* Lesson8 */,
				7F88E9F52BFE28A80019465E /* Lesson7 */,
				7F88E9F02BFE1B5F0019465E /* Lesson6 */,
				7F00AB872BFDEA0800A5FF87 /* Lesson5 */,
				7F00AB822BFDC34200A5FF87 /* Lesson4 */,
				7F00AB7C2BFC8DD600A5FF87 /* Lesson3 */,
				7F00AB792BFC881500A5FF87 /* Lesson2 */,
				7F00AB692BFBC71000A5FF87 /* combineRoadmapApp.swift */,
				7F00AB6B2BFBC71000A5FF87 /* ContentView.swift */,
				7F00AB6D2BFBC71200A5FF87 /* Assets.xcassets */,
				7F00AB6F2BFBC71200A5FF87 /* Preview Content */,
			);
			path = combineRoadmap;
			sourceTree = "<group>";
		};
		7F00AB6F2BFBC71200A5FF87 /* Preview Content */ = {
			isa = PBXGroup;
			children = (
				7F00AB702BFBC71200A5FF87 /* Preview Assets.xcassets */,
			);
			path = "Preview Content";
			sourceTree = "<group>";
		};
		7F00AB792BFC881500A5FF87 /* Lesson2 */ = {
			isa = PBXGroup;
			children = (
				7F00AB772BFBD7A500A5FF87 /* FirstPipeline.swift */,
				7F00AB7A2BFC882800A5FF87 /* PracticeLesson2.swift */,
			);
			path = Lesson2;
			sourceTree = "<group>";
		};
		7F00AB7C2BFC8DD600A5FF87 /* Lesson3 */ = {
			isa = PBXGroup;
			children = (
				7F00AB7D2BFC8DED00A5FF87 /* SecondPipeline.swift */,
				7F00AB7F2BFC8DF700A5FF87 /* PracticeLesson3.swift */,
			);
			path = Lesson3;
			sourceTree = "<group>";
		};
		7F00AB822BFDC34200A5FF87 /* Lesson4 */ = {
			isa = PBXGroup;
			children = (
				7F00AB832BFDC34D00A5FF87 /* Lesson4.swift */,
				7F00AB852BFDC92900A5FF87 /* Lesson4Practice.swift */,
			);
			path = Lesson4;
			sourceTree = "<group>";
		};
		7F00AB872BFDEA0800A5FF87 /* Lesson5 */ = {
			isa = PBXGroup;
			children = (
				7F00AB882BFDEA1400A5FF87 /* Lesson5.swift */,
				7F00AB8A2BFDEA1D00A5FF87 /* Lesson5Practice.swift */,
			);
			path = Lesson5;
			sourceTree = "<group>";
		};
		7F88E9F02BFE1B5F0019465E /* Lesson6 */ = {
			isa = PBXGroup;
			children = (
				7F88E9F12BFE1B740019465E /* Lesson6.swift */,
				7F88E9F32BFE1F610019465E /* Lesson6Practice.swift */,
			);
			path = Lesson6;
			sourceTree = "<group>";
		};
		7F88E9F52BFE28A80019465E /* Lesson7 */ = {
			isa = PBXGroup;
			children = (
				7F88E9F62BFE28B20019465E /* Lesson7.swift */,
				7F88E9F82BFE28BF0019465E /* Lesson7Practice.swift */,
			);
			path = Lesson7;
			sourceTree = "<group>";
		};
		7F88E9FA2BFFCC290019465E /* Lesson8 */ = {
			isa = PBXGroup;
			children = (
				7F88E9FB2BFFCC370019465E /* Lesson8.swift */,
				7F88E9FD2BFFCC400019465E /* Lesson8Practice.swift */,
			);
			path = Lesson8;
			sourceTree = "<group>";
		};
		7F88E9FF2C0060AC0019465E /* Lesson9 */ = {
			isa = PBXGroup;
			children = (
				7F88EA002C0060B50019465E /* Lesson9.swift */,
				7F88EA022C0065580019465E /* Lesson9Practice.swift */,
			);
			path = Lesson9;
			sourceTree = "<group>";
		};
/* End PBXGroup section */

/* Begin PBXNativeTarget section */
		7F00AB652BFBC71000A5FF87 /* combineRoadmap */ = {
			isa = PBXNativeTarget;
			buildConfigurationList = 7F00AB742BFBC71200A5FF87 /* Build configuration list for PBXNativeTarget "combineRoadmap" */;
			buildPhases = (
				7F00AB622BFBC71000A5FF87 /* Sources */,
				7F00AB632BFBC71000A5FF87 /* Frameworks */,
				7F00AB642BFBC71000A5FF87 /* Resources */,
			);
			buildRules = (
			);
			dependencies = (
			);
			name = combineRoadmap;
			productName = combineRoadmap;
			productReference = 7F00AB662BFBC71000A5FF87 /* combineRoadmap.app */;
			productType = "com.apple.product-type.application";
		};
/* End PBXNativeTarget section */

/* Begin PBXProject section */
		7F00AB5E2BFBC71000A5FF87 /* Project object */ = {
			isa = PBXProject;
			attributes = {
				BuildIndependentTargetsInParallel = 1;
				LastSwiftUpdateCheck = 1500;
				LastUpgradeCheck = 1500;
				TargetAttributes = {
					7F00AB652BFBC71000A5FF87 = {
						CreatedOnToolsVersion = 15.0.1;
					};
				};
			};
			buildConfigurationList = 7F00AB612BFBC71000A5FF87 /* Build configuration list for PBXProject "combineRoadmap" */;
			compatibilityVersion = "Xcode 14.0";
			developmentRegion = en;
			hasScannedForEncodings = 0;
			knownRegions = (
				en,
				Base,
			);
			mainGroup = 7F00AB5D2BFBC71000A5FF87;
			productRefGroup = 7F00AB672BFBC71000A5FF87 /* Products */;
			projectDirPath = "";
			projectRoot = "";
			targets = (
				7F00AB652BFBC71000A5FF87 /* combineRoadmap */,
			);
		};
/* End PBXProject section */

/* Begin PBXResourcesBuildPhase section */
		7F00AB642BFBC71000A5FF87 /* Resources */ = {
			isa = PBXResourcesBuildPhase;
			buildActionMask = 2147483647;
			files = (
				7F00AB712BFBC71200A5FF87 /* Preview Assets.xcassets in Resources */,
				7F00AB6E2BFBC71200A5FF87 /* Assets.xcassets in Resources */,
			);
			runOnlyForDeploymentPostprocessing = 0;
		};
/* End PBXResourcesBuildPhase section */

/* Begin PBXSourcesBuildPhase section */
		7F00AB622BFBC71000A5FF87 /* Sources */ = {
			isa = PBXSourcesBuildPhase;
			buildActionMask = 2147483647;
			files = (
				7F88E9F72BFE28B20019465E /* Lesson7.swift in Sources */,
				7F00AB8B2BFDEA1D00A5FF87 /* Lesson5Practice.swift in Sources */,
				7F88EA012C0060B50019465E /* Lesson9.swift in Sources */,
				7F00AB892BFDEA1400A5FF87 /* Lesson5.swift in Sources */,
				7F88E9F22BFE1B740019465E /* Lesson6.swift in Sources */,
				7F00AB7E2BFC8DED00A5FF87 /* SecondPipeline.swift in Sources */,
				7F00AB6C2BFBC71000A5FF87 /* ContentView.swift in Sources */,
				7F88E9FC2BFFCC370019465E /* Lesson8.swift in Sources */,
				7F88EA032C0065580019465E /* Lesson9Practice.swift in Sources */,
				7F88E9FE2BFFCC400019465E /* Lesson8Practice.swift in Sources */,
				7F88E9F42BFE1F610019465E /* Lesson6Practice.swift in Sources */,
				7F00AB7B2BFC882800A5FF87 /* PracticeLesson2.swift in Sources */,
				7F00AB862BFDC92900A5FF87 /* Lesson4Practice.swift in Sources */,
				7F00AB6A2BFBC71000A5FF87 /* combineRoadmapApp.swift in Sources */,
				7F00AB802BFC8DF700A5FF87 /* PracticeLesson3.swift in Sources */,
				7F00AB782BFBD7A500A5FF87 /* FirstPipeline.swift in Sources */,
				7F88E9F92BFE28BF0019465E /* Lesson7Practice.swift in Sources */,
				7F00AB842BFDC34D00A5FF87 /* Lesson4.swift in Sources */,
			);
			runOnlyForDeploymentPostprocessing = 0;
		};
/* End PBXSourcesBuildPhase section */

/* Begin XCBuildConfiguration section */
		7F00AB722BFBC71200A5FF87 /* Debug */ = {
			isa = XCBuildConfiguration;
			buildSettings = {
				ALWAYS_SEARCH_USER_PATHS = NO;
				ASSETCATALOG_COMPILER_GENERATE_SWIFT_ASSET_SYMBOL_EXTENSIONS = YES;
				CLANG_ANALYZER_NONNULL = YES;
				CLANG_ANALYZER_NUMBER_OBJECT_CONVERSION = YES_AGGRESSIVE;
				CLANG_CXX_LANGUAGE_STANDARD = "gnu++20";
				CLANG_ENABLE_MODULES = YES;
				CLANG_ENABLE_OBJC_ARC = YES;
				CLANG_ENABLE_OBJC_WEAK = YES;
				CLANG_WARN_BLOCK_CAPTURE_AUTORELEASING = YES;
				CLANG_WARN_BOOL_CONVERSION = YES;
				CLANG_WARN_COMMA = YES;
				CLANG_WARN_CONSTANT_CONVERSION = YES;
				CLANG_WARN_DEPRECATED_OBJC_IMPLEMENTATIONS = YES;
				CLANG_WARN_DIRECT_OBJC_ISA_USAGE = YES_ERROR;
				CLANG_WARN_DOCUMENTATION_COMMENTS = YES;
				CLANG_WARN_EMPTY_BODY = YES;
				CLANG_WARN_ENUM_CONVERSION = YES;
				CLANG_WARN_INFINITE_RECURSION = YES;
				CLANG_WARN_INT_CONVERSION = YES;
				CLANG_WARN_NON_LITERAL_NULL_CONVERSION = YES;
				CLANG_WARN_OBJC_IMPLICIT_RETAIN_SELF = YES;
				CLANG_WARN_OBJC_LITERAL_CONVERSION = YES;
				CLANG_WARN_OBJC_ROOT_CLASS = YES_ERROR;
				CLANG_WARN_QUOTED_INCLUDE_IN_FRAMEWORK_HEADER = YES;
				CLANG_WARN_RANGE_LOOP_ANALYSIS = YES;
				CLANG_WARN_STRICT_PROTOTYPES = YES;
				CLANG_WARN_SUSPICIOUS_MOVE = YES;
				CLANG_WARN_UNGUARDED_AVAILABILITY = YES_AGGRESSIVE;
				CLANG_WARN_UNREACHABLE_CODE = YES;
				CLANG_WARN__DUPLICATE_METHOD_MATCH = YES;
				COPY_PHASE_STRIP = NO;
				DEBUG_INFORMATION_FORMAT = dwarf;
				ENABLE_STRICT_OBJC_MSGSEND = YES;
				ENABLE_TESTABILITY = YES;
				ENABLE_USER_SCRIPT_SANDBOXING = YES;
				GCC_C_LANGUAGE_STANDARD = gnu17;
				GCC_DYNAMIC_NO_PIC = NO;
				GCC_NO_COMMON_BLOCKS = YES;
				GCC_OPTIMIZATION_LEVEL = 0;
				GCC_PREPROCESSOR_DEFINITIONS = (
					"DEBUG=1",
					"$(inherited)",
				);
				GCC_WARN_64_TO_32_BIT_CONVERSION = YES;
				GCC_WARN_ABOUT_RETURN_TYPE = YES_ERROR;
				GCC_WARN_UNDECLARED_SELECTOR = YES;
				GCC_WARN_UNINITIALIZED_AUTOS = YES_AGGRESSIVE;
				GCC_WARN_UNUSED_FUNCTION = YES;
				GCC_WARN_UNUSED_VARIABLE = YES;
				IPHONEOS_DEPLOYMENT_TARGET = 17.0;
				LOCALIZATION_PREFERS_STRING_CATALOGS = YES;
				MTL_ENABLE_DEBUG_INFO = INCLUDE_SOURCE;
				MTL_FAST_MATH = YES;
				ONLY_ACTIVE_ARCH = YES;
				SDKROOT = iphoneos;
				SWIFT_ACTIVE_COMPILATION_CONDITIONS = "DEBUG $(inherited)";
				SWIFT_OPTIMIZATION_LEVEL = "-Onone";
			};
			name = Debug;
		};
		7F00AB732BFBC71200A5FF87 /* Release */ = {
			isa = XCBuildConfiguration;
			buildSettings = {
				ALWAYS_SEARCH_USER_PATHS = NO;
				ASSETCATALOG_COMPILER_GENERATE_SWIFT_ASSET_SYMBOL_EXTENSIONS = YES;
				CLANG_ANALYZER_NONNULL = YES;
				CLANG_ANALYZER_NUMBER_OBJECT_CONVERSION = YES_AGGRESSIVE;
				CLANG_CXX_LANGUAGE_STANDARD = "gnu++20";
				CLANG_ENABLE_MODULES = YES;
				CLANG_ENABLE_OBJC_ARC = YES;
				CLANG_ENABLE_OBJC_WEAK = YES;
				CLANG_WARN_BLOCK_CAPTURE_AUTORELEASING = YES;
				CLANG_WARN_BOOL_CONVERSION = YES;
				CLANG_WARN_COMMA = YES;
				CLANG_WARN_CONSTANT_CONVERSION = YES;
				CLANG_WARN_DEPRECATED_OBJC_IMPLEMENTATIONS = YES;
				CLANG_WARN_DIRECT_OBJC_ISA_USAGE = YES_ERROR;
				CLANG_WARN_DOCUMENTATION_COMMENTS = YES;
				CLANG_WARN_EMPTY_BODY = YES;
				CLANG_WARN_ENUM_CONVERSION = YES;
				CLANG_WARN_INFINITE_RECURSION = YES;
				CLANG_WARN_INT_CONVERSION = YES;
				CLANG_WARN_NON_LITERAL_NULL_CONVERSION = YES;
				CLANG_WARN_OBJC_IMPLICIT_RETAIN_SELF = YES;
				CLANG_WARN_OBJC_LITERAL_CONVERSION = YES;
				CLANG_WARN_OBJC_ROOT_CLASS = YES_ERROR;
				CLANG_WARN_QUOTED_INCLUDE_IN_FRAMEWORK_HEADER = YES;
				CLANG_WARN_RANGE_LOOP_ANALYSIS = YES;
				CLANG_WARN_STRICT_PROTOTYPES = YES;
				CLANG_WARN_SUSPICIOUS_MOVE = YES;
				CLANG_WARN_UNGUARDED_AVAILABILITY = YES_AGGRESSIVE;
				CLANG_WARN_UNREACHABLE_CODE = YES;
				CLANG_WARN__DUPLICATE_METHOD_MATCH = YES;
				COPY_PHASE_STRIP = NO;
				DEBUG_INFORMATION_FORMAT = "dwarf-with-dsym";
				ENABLE_NS_ASSERTIONS = NO;
				ENABLE_STRICT_OBJC_MSGSEND = YES;
				ENABLE_USER_SCRIPT_SANDBOXING = YES;
				GCC_C_LANGUAGE_STANDARD = gnu17;
				GCC_NO_COMMON_BLOCKS = YES;
				GCC_WARN_64_TO_32_BIT_CONVERSION = YES;
				GCC_WARN_ABOUT_RETURN_TYPE = YES_ERROR;
				GCC_WARN_UNDECLARED_SELECTOR = YES;
				GCC_WARN_UNINITIALIZED_AUTOS = YES_AGGRESSIVE;
				GCC_WARN_UNUSED_FUNCTION = YES;
				GCC_WARN_UNUSED_VARIABLE = YES;
				IPHONEOS_DEPLOYMENT_TARGET = 17.0;
				LOCALIZATION_PREFERS_STRING_CATALOGS = YES;
				MTL_ENABLE_DEBUG_INFO = NO;
				MTL_FAST_MATH = YES;
				SDKROOT = iphoneos;
				SWIFT_COMPILATION_MODE = wholemodule;
				VALIDATE_PRODUCT = YES;
			};
			name = Release;
		};
		7F00AB752BFBC71200A5FF87 /* Debug */ = {
			isa = XCBuildConfiguration;
			buildSettings = {
				ASSETCATALOG_COMPILER_APPICON_NAME = AppIcon;
				ASSETCATALOG_COMPILER_GLOBAL_ACCENT_COLOR_NAME = AccentColor;
				CODE_SIGN_STYLE = Automatic;
				CURRENT_PROJECT_VERSION = 1;
				DEVELOPMENT_ASSET_PATHS = "\"combineRoadmap/Preview Content\"";
				ENABLE_PREVIEWS = YES;
				GENERATE_INFOPLIST_FILE = YES;
				INFOPLIST_KEY_UIApplicationSceneManifest_Generation = YES;
				INFOPLIST_KEY_UIApplicationSupportsIndirectInputEvents = YES;
				INFOPLIST_KEY_UILaunchScreen_Generation = YES;
				INFOPLIST_KEY_UISupportedInterfaceOrientations_iPad = "UIInterfaceOrientationPortrait UIInterfaceOrientationPortraitUpsideDown UIInterfaceOrientationLandscapeLeft UIInterfaceOrientationLandscapeRight";
				INFOPLIST_KEY_UISupportedInterfaceOrientations_iPhone = "UIInterfaceOrientationPortrait UIInterfaceOrientationLandscapeLeft UIInterfaceOrientationLandscapeRight";
				LD_RUNPATH_SEARCH_PATHS = (
					"$(inherited)",
					"@executable_path/Frameworks",
				);
				MARKETING_VERSION = 1.0;
				PRODUCT_BUNDLE_IDENTIFIER = adad.combineRoadmap;
				PRODUCT_NAME = "$(TARGET_NAME)";
				SWIFT_EMIT_LOC_STRINGS = YES;
				SWIFT_VERSION = 5.0;
				TARGETED_DEVICE_FAMILY = "1,2";
			};
			name = Debug;
		};
		7F00AB762BFBC71200A5FF87 /* Release */ = {
			isa = XCBuildConfiguration;
			buildSettings = {
				ASSETCATALOG_COMPILER_APPICON_NAME = AppIcon;
				ASSETCATALOG_COMPILER_GLOBAL_ACCENT_COLOR_NAME = AccentColor;
				CODE_SIGN_STYLE = Automatic;
				CURRENT_PROJECT_VERSION = 1;
				DEVELOPMENT_ASSET_PATHS = "\"combineRoadmap/Preview Content\"";
				ENABLE_PREVIEWS = YES;
				GENERATE_INFOPLIST_FILE = YES;
				INFOPLIST_KEY_UIApplicationSceneManifest_Generation = YES;
				INFOPLIST_KEY_UIApplicationSupportsIndirectInputEvents = YES;
				INFOPLIST_KEY_UILaunchScreen_Generation = YES;
				INFOPLIST_KEY_UISupportedInterfaceOrientations_iPad = "UIInterfaceOrientationPortrait UIInterfaceOrientationPortraitUpsideDown UIInterfaceOrientationLandscapeLeft UIInterfaceOrientationLandscapeRight";
				INFOPLIST_KEY_UISupportedInterfaceOrientations_iPhone = "UIInterfaceOrientationPortrait UIInterfaceOrientationLandscapeLeft UIInterfaceOrientationLandscapeRight";
				LD_RUNPATH_SEARCH_PATHS = (
					"$(inherited)",
					"@executable_path/Frameworks",
				);
				MARKETING_VERSION = 1.0;
				PRODUCT_BUNDLE_IDENTIFIER = adad.combineRoadmap;
				PRODUCT_NAME = "$(TARGET_NAME)";
				SWIFT_EMIT_LOC_STRINGS = YES;
				SWIFT_VERSION = 5.0;
				TARGETED_DEVICE_FAMILY = "1,2";
			};
			name = Release;
		};
/* End XCBuildConfiguration section */

/* Begin XCConfigurationList section */
		7F00AB612BFBC71000A5FF87 /* Build configuration list for PBXProject "combineRoadmap" */ = {
			isa = XCConfigurationList;
			buildConfigurations = (
				7F00AB722BFBC71200A5FF87 /* Debug */,
				7F00AB732BFBC71200A5FF87 /* Release */,
			);
			defaultConfigurationIsVisible = 0;
			defaultConfigurationName = Release;
		};
		7F00AB742BFBC71200A5FF87 /* Build configuration list for PBXNativeTarget "combineRoadmap" */ = {
			isa = XCConfigurationList;
			buildConfigurations = (
				7F00AB752BFBC71200A5FF87 /* Debug */,
				7F00AB762BFBC71200A5FF87 /* Release */,
			);
			defaultConfigurationIsVisible = 0;
			defaultConfigurationName = Release;
		};
/* End XCConfigurationList section */
	};
	rootObject = 7F00AB5E2BFBC71000A5FF87 /* Project object */;
}
